
Microsoft Visual Studio Solution File, Format Version 12.00
# Visual Studio 15
VisualStudioVersion = 15.0.28307.572
MinimumVisualStudioVersion = 10.0.40219.1
Project("{9A19103F-16F7-4668-BE54-9A1E7A4F7556}") = "NetCore", "NetCore\NetCore.csproj", "{34532C28-6392-4C1B-8503-C761686E9986}"
EndProject
Project("{9A19103F-16F7-4668-BE54-9A1E7A4F7556}") = "XUnitTesSelenium", "XUnitTesSelenium\XUnitTesSelenium.csproj", "{9678B872-3859-4059-81E2-7D4F8ADDD341}"
EndProject
Project("{FAE04EC0-301F-11D3-BF4B-00C04F79EFBC}") = "LL", "LL\LL.csproj", "{47050254-DFE2-42B1-B228-32CCF1ADBD52}"
EndProject
Global
	GlobalSection(SolutionConfigurationPlatforms) = preSolution
		Debug|Any CPU = Debug|Any CPU
		Release|Any CPU = Release|Any CPU
	EndGlobalSection
	GlobalSection(ProjectConfigurationPlatforms) = postSolution
		{34532C28-6392-4C1B-8503-C761686E9986}.Debug|Any CPU.ActiveCfg = Debug|Any CPU
		{34532C28-6392-4C1B-8503-C761686E9986}.Debug|Any CPU.Build.0 = Debug|Any CPU
		{34532C28-6392-4C1B-8503-C761686E9986}.Release|Any CPU.ActiveCfg = Release|Any CPU
		{34532C28-6392-4C1B-8503-C761686E9986}.Release|Any CPU.Build.0 = Release|Any CPU
		{9678B872-3859-4059-81E2-7D4F8ADDD341}.Debug|Any CPU.ActiveCfg = Debug|Any CPU
		{9678B872-3859-4059-81E2-7D4F8ADDD341}.Debug|Any CPU.Build.0 = Debug|Any CPU
		{9678B872-3859-4059-81E2-7D4F8ADDD341}.Release|Any CPU.ActiveCfg = Release|Any CPU
		{9678B872-3859-4059-81E2-7D4F8ADDD341}.Release|Any CPU.Build.0 = Release|Any CPU
		{47050254-DFE2-42B1-B228-32CCF1ADBD52}.Debug|Any CPU.ActiveCfg = Debug|Any CPU
		{47050254-DFE2-42B1-B228-32CCF1ADBD52}.Debug|Any CPU.Build.0 = Debug|Any CPU
		{47050254-DFE2-42B1-B228-32CCF1ADBD52}.Release|Any CPU.ActiveCfg = Release|Any CPU
		{47050254-DFE2-42B1-B228-32CCF1ADBD52}.Release|Any CPU.Build.0 = Release|Any CPU
	EndGlobalSection
	GlobalSection(SolutionProperties) = preSolution
		HideSolutionNode = FALSE
	EndGlobalSection
	GlobalSection(ExtensibilityGlobals) = postSolution
		SolutionGuid = {B9E0FF76-000C-437E-87B0-01A84444F019}
	EndGlobalSection
EndGlobal
